# THIS IS AN AUTOGENERATED FILE. DO NOT EDIT THIS FILE DIRECTLY.
# yarn lockfile v1


"@citizenfx/client@^2.0.8903-1":
  version "2.0.8903-1"
  resolved "https://registry.yarnpkg.com/@citizenfx/client/-/client-2.0.8903-1.tgz#19b82064883e92a07774c2ff0a7284d667624ab9"
  integrity sha512-w5EEpYiX9w8Znm5+95El8GyFjN43B9X0WI/x0D7lKidKIk2bvm3LatIh9ThWJWyk0m1m1NgAMba8TfR5ranOHg==

"@citizenfx/server@^2.0.8903-1":
  version "2.0.8903-1"
  resolved "https://registry.yarnpkg.com/@citizenfx/server/-/server-2.0.8903-1.tgz#f28fbe58b282349759a585538ba18cdf445ea23e"
  integrity sha512-08COhAwTkhNgoBbpdZ694ZAO2ffFswIUPXFuico5CusFqVdS48RC3i90iCYf+BW2Ew/b/vlvMq0Q7AotALKOIg==

argparse@^2.0.1:
  version "2.0.1"
  resolved "https://registry.yarnpkg.com/argparse/-/argparse-2.0.1.tgz#246f50f3ca78a3240f6c997e8a9bd1eac49e4b38"
  integrity sha512-8+9WqebbFzpX9OR+Wa6O29asIogeRMzcGtAINdpMHHyAg10f05aSFVBbcEqGf/PXw1EjAZ+q2/bEBg3DvurK3Q==

fs@^0.0.1-security:
  version "0.0.1-security"
  resolved "https://registry.yarnpkg.com/fs/-/fs-0.0.1-security.tgz#8a7bd37186b6dddf3813f23858b57ecaaf5e41d4"
  integrity sha512-3XY9e1pP0CVEUCdj5BmfIZxRBTSDycnbqhIOGec9QYtmVH2fbLpj86CFWkrNOkt/Fvty4KZG5lTglL9j/gJ87w==

js-yaml@^4.1.0:
  version "4.1.0"
  resolved "https://registry.yarnpkg.com/js-yaml/-/js-yaml-4.1.0.tgz#c1fb65f8f5017901cdd2c951864ba18458a10602"
  integrity sha512-wpxZs9NoxZaJESJGIZTyDEaYpl0FKSA+FB9aJiyemKhMwkxQg63h4T1KJgUGHpTqPDNRcmmYLugrRjJlBtWvRA==
  dependencies:
    argparse "^2.0.1"

ws@^8.18.0:
  version "8.18.1"
  resolved "https://registry.yarnpkg.com/ws/-/ws-8.18.1.tgz#ea131d3784e1dfdff91adb0a4a116b127515e3cb"
  integrity sha512-RKW2aJZMXeMxVpnZ6bck+RswznaxmzdULiBr6KY7XkTnW8uvt0iT9H5DkHUChXrc+uurzwa0rVI16n/Xzjdz1w==
